
Microsoft Visual Studio Solution File, Format Version 12.00
# Visual Studio Version 17
VisualStudioVersion = 17.9.34622.214
MinimumVisualStudioVersion = 10.0.40219.1
Project("{9A19103F-16F7-4668-BE54-9A1E7A4F7556}") = "StudentGradings.API", "StudentGradings.API\StudentGradings.API.csproj", "{37598129-99AB-4331-A9D7-53441829D527}"
EndProject
Project("{9A19103F-16F7-4668-BE54-9A1E7A4F7556}") = "StudentGradings.DAL", "StudentGradings.DAL\StudentGradings.DAL.csproj", "{32759009-D752-410F-B555-41D3C2308D07}"
EndProject
Project("{9A19103F-16F7-4668-BE54-9A1E7A4F7556}") = "StudentGradings.BLL", "StudentGradings.BLL\StudentGradings.BLL.csproj", "{D0D2FE47-A78D-48C6-88EB-C650C185FADE}"
EndProject
Project("{9A19103F-16F7-4668-BE54-9A1E7A4F7556}") = "StudentGradings.CORE", "StudentGradings.CORE\StudentGradings.CORE.csproj", "{D18DCEBD-5B39-44BD-B914-3853420BCDE5}"
EndProject
Global
	GlobalSection(SolutionConfigurationPlatforms) = preSolution
		Debug|Any CPU = Debug|Any CPU
		Release|Any CPU = Release|Any CPU
	EndGlobalSection
	GlobalSection(ProjectConfigurationPlatforms) = postSolution
		{37598129-99AB-4331-A9D7-53441829D527}.Debug|Any CPU.ActiveCfg = Debug|Any CPU
		{37598129-99AB-4331-A9D7-53441829D527}.Debug|Any CPU.Build.0 = Debug|Any CPU
		{37598129-99AB-4331-A9D7-53441829D527}.Release|Any CPU.ActiveCfg = Release|Any CPU
		{37598129-99AB-4331-A9D7-53441829D527}.Release|Any CPU.Build.0 = Release|Any CPU
		{32759009-D752-410F-B555-41D3C2308D07}.Debug|Any CPU.ActiveCfg = Debug|Any CPU
		{32759009-D752-410F-B555-41D3C2308D07}.Debug|Any CPU.Build.0 = Debug|Any CPU
		{32759009-D752-410F-B555-41D3C2308D07}.Release|Any CPU.ActiveCfg = Release|Any CPU
		{32759009-D752-410F-B555-41D3C2308D07}.Release|Any CPU.Build.0 = Release|Any CPU
		{D0D2FE47-A78D-48C6-88EB-C650C185FADE}.Debug|Any CPU.ActiveCfg = Debug|Any CPU
		{D0D2FE47-A78D-48C6-88EB-C650C185FADE}.Debug|Any CPU.Build.0 = Debug|Any CPU
		{D0D2FE47-A78D-48C6-88EB-C650C185FADE}.Release|Any CPU.ActiveCfg = Release|Any CPU
		{D0D2FE47-A78D-48C6-88EB-C650C185FADE}.Release|Any CPU.Build.0 = Release|Any CPU
		{D18DCEBD-5B39-44BD-B914-3853420BCDE5}.Debug|Any CPU.ActiveCfg = Debug|Any CPU
		{D18DCEBD-5B39-44BD-B914-3853420BCDE5}.Debug|Any CPU.Build.0 = Debug|Any CPU
		{D18DCEBD-5B39-44BD-B914-3853420BCDE5}.Release|Any CPU.ActiveCfg = Release|Any CPU
		{D18DCEBD-5B39-44BD-B914-3853420BCDE5}.Release|Any CPU.Build.0 = Release|Any CPU
	EndGlobalSection
	GlobalSection(SolutionProperties) = preSolution
		HideSolutionNode = FALSE
	EndGlobalSection
	GlobalSection(ExtensibilityGlobals) = postSolution
		SolutionGuid = {F7440FA6-F1F8-4792-94FE-4DE08090BBB4}
	EndGlobalSection
EndGlobal
